
Microsoft Visual Studio Solution File, Format Version 12.00
# Visual Studio Version 17
VisualStudioVersion = 17.11.35303.130
MinimumVisualStudioVersion = 10.0.40219.1
Project("{FAE04EC0-301F-11D3-BF4B-00C04F79EFBC}") = "8. IF-ELSE", "8. IF-ELSE.csproj", "{DA015457-95CD-4744-A453-BC77BCADB600}"
EndProject
Global
	GlobalSection(SolutionConfigurationPlatforms) = preSolution
		Debug|Any CPU = Debug|Any CPU
		Release|Any CPU = Release|Any CPU
	EndGlobalSection
	GlobalSection(ProjectConfigurationPlatforms) = postSolution
		{DA015457-95CD-4744-A453-BC77BCADB600}.Debug|Any CPU.ActiveCfg = Debug|Any CPU
		{DA015457-95CD-4744-A453-BC77BCADB600}.Debug|Any CPU.Build.0 = Debug|Any CPU
		{DA015457-95CD-4744-A453-BC77BCADB600}.Release|Any CPU.ActiveCfg = Release|Any CPU
		{DA015457-95CD-4744-A453-BC77BCADB600}.Release|Any CPU.Build.0 = Release|Any CPU
	EndGlobalSection
	GlobalSection(SolutionProperties) = preSolution
		HideSolutionNode = FALSE
	EndGlobalSection
	GlobalSection(ExtensibilityGlobals) = postSolution
		SolutionGuid = {B7DACFF1-26B8-4271-A8C6-C75933010AF2}
	EndGlobalSection
EndGlobal
