
Microsoft Visual Studio Solution File, Format Version 12.00
# Visual Studio Version 17
VisualStudioVersion = 17.11.35303.130
MinimumVisualStudioVersion = 10.0.40219.1
Project("{FAE04EC0-301F-11D3-BF4B-00C04F79EFBC}") = "11. Do-While", "11. Do-While.csproj", "{4140102D-B160-4225-9316-82F4F9545C78}"
EndProject
Global
	GlobalSection(SolutionConfigurationPlatforms) = preSolution
		Debug|Any CPU = Debug|Any CPU
		Release|Any CPU = Release|Any CPU
	EndGlobalSection
	GlobalSection(ProjectConfigurationPlatforms) = postSolution
		{4140102D-B160-4225-9316-82F4F9545C78}.Debug|Any CPU.ActiveCfg = Debug|Any CPU
		{4140102D-B160-4225-9316-82F4F9545C78}.Debug|Any CPU.Build.0 = Debug|Any CPU
		{4140102D-B160-4225-9316-82F4F9545C78}.Release|Any CPU.ActiveCfg = Release|Any CPU
		{4140102D-B160-4225-9316-82F4F9545C78}.Release|Any CPU.Build.0 = Release|Any CPU
	EndGlobalSection
	GlobalSection(SolutionProperties) = preSolution
		HideSolutionNode = FALSE
	EndGlobalSection
	GlobalSection(ExtensibilityGlobals) = postSolution
		SolutionGuid = {66A14FAE-0AFF-454D-BE41-7CD289A93C5D}
	EndGlobalSection
EndGlobal
