
Microsoft Visual Studio Solution File, Format Version 12.00
# Visual Studio Version 17
VisualStudioVersion = 17.11.35303.130
MinimumVisualStudioVersion = 10.0.40219.1
Project("{FAE04EC0-301F-11D3-BF4B-00C04F79EFBC}") = "1. Variabili", "1. Variabili.csproj", "{FDF335E9-D2AE-437F-8E18-98007694DE64}"
EndProject
Global
	GlobalSection(SolutionConfigurationPlatforms) = preSolution
		Debug|Any CPU = Debug|Any CPU
		Release|Any CPU = Release|Any CPU
	EndGlobalSection
	GlobalSection(ProjectConfigurationPlatforms) = postSolution
		{FDF335E9-D2AE-437F-8E18-98007694DE64}.Debug|Any CPU.ActiveCfg = Debug|Any CPU
		{FDF335E9-D2AE-437F-8E18-98007694DE64}.Debug|Any CPU.Build.0 = Debug|Any CPU
		{FDF335E9-D2AE-437F-8E18-98007694DE64}.Release|Any CPU.ActiveCfg = Release|Any CPU
		{FDF335E9-D2AE-437F-8E18-98007694DE64}.Release|Any CPU.Build.0 = Release|Any CPU
	EndGlobalSection
	GlobalSection(SolutionProperties) = preSolution
		HideSolutionNode = FALSE
	EndGlobalSection
	GlobalSection(ExtensibilityGlobals) = postSolution
		SolutionGuid = {7D0DF5DC-9C59-449D-B918-BC69DC8964B9}
	EndGlobalSection
EndGlobal
