
Microsoft Visual Studio Solution File, Format Version 12.00
# Visual Studio Version 17
VisualStudioVersion = 17.11.35303.130
MinimumVisualStudioVersion = 10.0.40219.1
Project("{FAE04EC0-301F-11D3-BF4B-00C04F79EFBC}") = "2_Identificatori", "2_Identificatori.csproj", "{17DBEB35-8F01-40CA-AAD9-62B620112B27}"
EndProject
Global
	GlobalSection(SolutionConfigurationPlatforms) = preSolution
		Debug|Any CPU = Debug|Any CPU
		Release|Any CPU = Release|Any CPU
	EndGlobalSection
	GlobalSection(ProjectConfigurationPlatforms) = postSolution
		{17DBEB35-8F01-40CA-AAD9-62B620112B27}.Debug|Any CPU.ActiveCfg = Debug|Any CPU
		{17DBEB35-8F01-40CA-AAD9-62B620112B27}.Debug|Any CPU.Build.0 = Debug|Any CPU
		{17DBEB35-8F01-40CA-AAD9-62B620112B27}.Release|Any CPU.ActiveCfg = Release|Any CPU
		{17DBEB35-8F01-40CA-AAD9-62B620112B27}.Release|Any CPU.Build.0 = Release|Any CPU
	EndGlobalSection
	GlobalSection(SolutionProperties) = preSolution
		HideSolutionNode = FALSE
	EndGlobalSection
	GlobalSection(ExtensibilityGlobals) = postSolution
		SolutionGuid = {F773426D-E5CC-44E9-8EDB-DE8A7D50EB9E}
	EndGlobalSection
EndGlobal
