
Microsoft Visual Studio Solution File, Format Version 12.00
# Visual Studio Version 17
VisualStudioVersion = 17.11.35303.130
MinimumVisualStudioVersion = 10.0.40219.1
Project("{FAE04EC0-301F-11D3-BF4B-00C04F79EFBC}") = "15. Arrays", "15. Arrays.csproj", "{2F7492F1-92C9-48A8-B02B-8964E1C52BD9}"
EndProject
Global
	GlobalSection(SolutionConfigurationPlatforms) = preSolution
		Debug|Any CPU = Debug|Any CPU
		Release|Any CPU = Release|Any CPU
	EndGlobalSection
	GlobalSection(ProjectConfigurationPlatforms) = postSolution
		{2F7492F1-92C9-48A8-B02B-8964E1C52BD9}.Debug|Any CPU.ActiveCfg = Debug|Any CPU
		{2F7492F1-92C9-48A8-B02B-8964E1C52BD9}.Debug|Any CPU.Build.0 = Debug|Any CPU
		{2F7492F1-92C9-48A8-B02B-8964E1C52BD9}.Release|Any CPU.ActiveCfg = Release|Any CPU
		{2F7492F1-92C9-48A8-B02B-8964E1C52BD9}.Release|Any CPU.Build.0 = Release|Any CPU
	EndGlobalSection
	GlobalSection(SolutionProperties) = preSolution
		HideSolutionNode = FALSE
	EndGlobalSection
	GlobalSection(ExtensibilityGlobals) = postSolution
		SolutionGuid = {A4F58014-4D55-4274-8650-A301DF5481F5}
	EndGlobalSection
EndGlobal
